
Microsoft Visual Studio Solution File, Format Version 12.00
# Visual Studio 2012
Project("{FAE04EC0-301F-11D3-BF4B-00C04F79EFBC}") = "EFMVCPycoNet.FO", "EFMVCPycoNet\EFMVCPycoNet.FO.csproj", "{69861775-FF08-43F3-BA6A-8250492C53E0}"
EndProject
Project("{FAE04EC0-301F-11D3-BF4B-00C04F79EFBC}") = "EFMVCPycoNet.Tests", "EFMVCPycoNet.Tests\EFMVCPycoNet.Tests.csproj", "{332EFA0B-1C12-4771-9E63-64120856C043}"
EndProject
Project("{FAE04EC0-301F-11D3-BF4B-00C04F79EFBC}") = "EFMVCPycoNet.Data", "EFMVCPycoNet.Data\EFMVCPycoNet.Data.csproj", "{F45FC798-CEE0-44B1-8FA3-DEE2B994E1B5}"
EndProject
Project("{FAE04EC0-301F-11D3-BF4B-00C04F79EFBC}") = "EFMVCPycoNet.Domain", "EFMVCPycoNet.Domain\EFMVCPycoNet.Domain.csproj", "{D14C20D7-F8FB-4795-829A-9421EB42E64B}"
EndProject
Project("{FAE04EC0-301F-11D3-BF4B-00C04F79EFBC}") = "EFMVCPycoNet.Core", "EFMVCPycoNet.Core\EFMVCPycoNet.Core.csproj", "{BA8DD8FC-9E92-46D0-835A-14DBAB29121E}"
EndProject
Project("{FAE04EC0-301F-11D3-BF4B-00C04F79EFBC}") = "EFMVCPycoNet.ComandProcessor", "EFMVCPycoNet.ComandProcessor\EFMVCPycoNet.ComandProcessor.csproj", "{49A40D5B-64A6-4579-8897-638585DAB966}"
EndProject
Global
	GlobalSection(SolutionConfigurationPlatforms) = preSolution
		Debug|Any CPU = Debug|Any CPU
		Release|Any CPU = Release|Any CPU
	EndGlobalSection
	GlobalSection(ProjectConfigurationPlatforms) = postSolution
		{69861775-FF08-43F3-BA6A-8250492C53E0}.Debug|Any CPU.ActiveCfg = Debug|Any CPU
		{69861775-FF08-43F3-BA6A-8250492C53E0}.Debug|Any CPU.Build.0 = Debug|Any CPU
		{69861775-FF08-43F3-BA6A-8250492C53E0}.Release|Any CPU.ActiveCfg = Release|Any CPU
		{69861775-FF08-43F3-BA6A-8250492C53E0}.Release|Any CPU.Build.0 = Release|Any CPU
		{332EFA0B-1C12-4771-9E63-64120856C043}.Debug|Any CPU.ActiveCfg = Debug|Any CPU
		{332EFA0B-1C12-4771-9E63-64120856C043}.Debug|Any CPU.Build.0 = Debug|Any CPU
		{332EFA0B-1C12-4771-9E63-64120856C043}.Release|Any CPU.ActiveCfg = Release|Any CPU
		{332EFA0B-1C12-4771-9E63-64120856C043}.Release|Any CPU.Build.0 = Release|Any CPU
		{F45FC798-CEE0-44B1-8FA3-DEE2B994E1B5}.Debug|Any CPU.ActiveCfg = Debug|Any CPU
		{F45FC798-CEE0-44B1-8FA3-DEE2B994E1B5}.Debug|Any CPU.Build.0 = Debug|Any CPU
		{F45FC798-CEE0-44B1-8FA3-DEE2B994E1B5}.Release|Any CPU.ActiveCfg = Release|Any CPU
		{F45FC798-CEE0-44B1-8FA3-DEE2B994E1B5}.Release|Any CPU.Build.0 = Release|Any CPU
		{D14C20D7-F8FB-4795-829A-9421EB42E64B}.Debug|Any CPU.ActiveCfg = Debug|Any CPU
		{D14C20D7-F8FB-4795-829A-9421EB42E64B}.Debug|Any CPU.Build.0 = Debug|Any CPU
		{D14C20D7-F8FB-4795-829A-9421EB42E64B}.Release|Any CPU.ActiveCfg = Release|Any CPU
		{D14C20D7-F8FB-4795-829A-9421EB42E64B}.Release|Any CPU.Build.0 = Release|Any CPU
		{BA8DD8FC-9E92-46D0-835A-14DBAB29121E}.Debug|Any CPU.ActiveCfg = Debug|Any CPU
		{BA8DD8FC-9E92-46D0-835A-14DBAB29121E}.Debug|Any CPU.Build.0 = Debug|Any CPU
		{BA8DD8FC-9E92-46D0-835A-14DBAB29121E}.Release|Any CPU.ActiveCfg = Release|Any CPU
		{BA8DD8FC-9E92-46D0-835A-14DBAB29121E}.Release|Any CPU.Build.0 = Release|Any CPU
		{49A40D5B-64A6-4579-8897-638585DAB966}.Debug|Any CPU.ActiveCfg = Debug|Any CPU
		{49A40D5B-64A6-4579-8897-638585DAB966}.Debug|Any CPU.Build.0 = Debug|Any CPU
		{49A40D5B-64A6-4579-8897-638585DAB966}.Release|Any CPU.ActiveCfg = Release|Any CPU
		{49A40D5B-64A6-4579-8897-638585DAB966}.Release|Any CPU.Build.0 = Release|Any CPU
	EndGlobalSection
	GlobalSection(SolutionProperties) = preSolution
		HideSolutionNode = FALSE
	EndGlobalSection
EndGlobal
